
Microsoft Visual Studio Solution File, Format Version 12.00
# Visual Studio Version 17
VisualStudioVersion = 17.6.33829.357
MinimumVisualStudioVersion = 10.0.40219.1
Project("{FAE04EC0-301F-11D3-BF4B-00C04F79EFBC}") = "metinBelgesioluşturma", "metinBelgesioluşturma\metinBelgesioluşturma.csproj", "{E3A87424-0519-45E4-A20A-A696AC4564E4}"
EndProject
Global
	GlobalSection(SolutionConfigurationPlatforms) = preSolution
		Debug|Any CPU = Debug|Any CPU
		Release|Any CPU = Release|Any CPU
	EndGlobalSection
	GlobalSection(ProjectConfigurationPlatforms) = postSolution
		{E3A87424-0519-45E4-A20A-A696AC4564E4}.Debug|Any CPU.ActiveCfg = Debug|Any CPU
		{E3A87424-0519-45E4-A20A-A696AC4564E4}.Debug|Any CPU.Build.0 = Debug|Any CPU
		{E3A87424-0519-45E4-A20A-A696AC4564E4}.Release|Any CPU.ActiveCfg = Release|Any CPU
		{E3A87424-0519-45E4-A20A-A696AC4564E4}.Release|Any CPU.Build.0 = Release|Any CPU
	EndGlobalSection
	GlobalSection(SolutionProperties) = preSolution
		HideSolutionNode = FALSE
	EndGlobalSection
	GlobalSection(ExtensibilityGlobals) = postSolution
		SolutionGuid = {B95E7F81-508D-4474-9B2E-E3371DB20A13}
	EndGlobalSection
EndGlobal
